{
  "version": 4,
  "terraform_version": "1.3.2",
  "serial": 7,
  "lineage": "ac849f1a-5d2c-fe94-cc90-cd122fcaeab5",
  "outputs": {},
  "resources": [
    {
      "mode": "data",
      "type": "template_file",
      "name": "instance_userdata",
      "provider": "provider[\"registry.terraform.io/hashicorp/template\"]",
      "instances": [
        {
          "schema_version": 0,
          "attributes": {
            "filename": null,
            "id": "6a3920ccc22f896707872fe0f8486eff1d1ba6f923cc93c62e3dcc9443cf412a",
            "rendered": "#cloud-config\n\nlocale: ru_RU.UTF-8\n\ntimezone: Europe/Moscow\n\nusers:\n  - name: ubuntu\n    groups: sudo\n    lock-passwd: false\n    shell: /bin/bash\n    sudo: ['ALL=(ALL) NOPASSWD:ALL']\n    ssh-authorized-keys:\n      - ssh-rsa AAAAB3NzaC1yc2EAAAADAQABAAABAQCwDau78dL7wMmxVePHR9FsH9GyLO88lViIW4fEpEsutsUYLyaYbyrxnf2jUJ6FxInpe/VrnW23XViZAf3QEDfaPjJlcsNzdZ4najsBULvxjYnPASPp3EhKWbRYP4Gx/y6JV/LE8KmhG60YU7RxbDIEWKykVzj9sQYPAo3r6BfS6gRVd8NXRh2ww00JDfTDdjWTn1cAwMR4ccj+O2Nw539kr8+DWfi5MIm3nwyIIMnM3Of8Aq4FhP2BTLsl/16CTQMBWybHyAj27kcUEGifQHhxzggpA1/hU6haC91sEAGr6cGRSgwSf/o8PzcJ/E89XVUr7GMFfMoj9UcA4cAvCY3T",
            "template": "#cloud-config\n\nlocale: ru_RU.UTF-8\n\ntimezone: Europe/Moscow\n\nusers:\n  - name: ${username}\n    groups: sudo\n    lock-passwd: false\n    shell: /bin/bash\n    sudo: ['ALL=(ALL) NOPASSWD:ALL']\n    ssh-authorized-keys:\n      - ${ssh_public}",
            "vars": {
              "env": "perf",
              "ssh_public": "ssh-rsa AAAAB3NzaC1yc2EAAAADAQABAAABAQCwDau78dL7wMmxVePHR9FsH9GyLO88lViIW4fEpEsutsUYLyaYbyrxnf2jUJ6FxInpe/VrnW23XViZAf3QEDfaPjJlcsNzdZ4najsBULvxjYnPASPp3EhKWbRYP4Gx/y6JV/LE8KmhG60YU7RxbDIEWKykVzj9sQYPAo3r6BfS6gRVd8NXRh2ww00JDfTDdjWTn1cAwMR4ccj+O2Nw539kr8+DWfi5MIm3nwyIIMnM3Of8Aq4FhP2BTLsl/16CTQMBWybHyAj27kcUEGifQHhxzggpA1/hU6haC91sEAGr6cGRSgwSf/o8PzcJ/E89XVUr7GMFfMoj9UcA4cAvCY3T",
              "username": "ubuntu"
            }
          },
          "sensitive_attributes": []
        }
      ]
    },
    {
      "mode": "data",
      "type": "yandex_compute_image",
      "name": "ubuntu_2004",
      "provider": "provider[\"terraform-registry.storage.yandexcloud.net/yandex-cloud/yandex\"]",
      "instances": [
        {
          "schema_version": 0,
          "attributes": {
            "created_at": "2022-08-22T10:46:20Z",
            "description": "ubuntu 20.04 lts",
            "family": "ubuntu-2004-lts",
            "folder_id": "standard-images",
            "id": "fd8kdq6d0p8sij7h5qe3",
            "image_id": "fd8kdq6d0p8sij7h5qe3",
            "labels": {},
            "min_disk_size": 5,
            "name": "ubuntu-20-04-lts-v20220822",
            "os_type": "linux",
            "pooled": true,
            "product_ids": [
              "f2er5d1rpg1psq16o2gc"
            ],
            "size": 4,
            "status": "ready"
          },
          "sensitive_attributes": []
        }
      ]
    },
    {
      "mode": "managed",
      "type": "yandex_compute_instance",
      "name": "manager",
      "provider": "provider[\"terraform-registry.storage.yandexcloud.net/yandex-cloud/yandex\"]",
      "instances": [
        {
          "index_key": 0,
          "schema_version": 1,
          "attributes": {
            "allow_stopping_for_update": true,
            "boot_disk": [
              {
                "auto_delete": true,
                "device_name": "fhmef2eft560vblakdq6",
                "disk_id": "fhmef2eft560vblakdq6",
                "initialize_params": [
                  {
                    "block_size": 4096,
                    "description": "",
                    "image_id": "fd8kdq6d0p8sij7h5qe3",
                    "name": "",
                    "size": 30,
                    "snapshot_id": "",
                    "type": "network-ssd"
                  }
                ],
                "mode": "READ_WRITE"
              }
            ],
            "created_at": "2022-11-13T19:33:48Z",
            "description": "manager-01",
            "folder_id": "b1g9fvppemaqm8d5bg8u",
            "fqdn": "manager-01.ru-central1.internal",
            "hostname": "manager-01",
            "id": "fhm7bdf73a36nav8mv7b",
            "labels": null,
            "metadata": {
              "user-data": "#cloud-config\n\nlocale: ru_RU.UTF-8\n\ntimezone: Europe/Moscow\n\nusers:\n  - name: ubuntu\n    groups: sudo\n    lock-passwd: false\n    shell: /bin/bash\n    sudo: ['ALL=(ALL) NOPASSWD:ALL']\n    ssh-authorized-keys:\n      - ssh-rsa AAAAB3NzaC1yc2EAAAADAQABAAABAQCwDau78dL7wMmxVePHR9FsH9GyLO88lViIW4fEpEsutsUYLyaYbyrxnf2jUJ6FxInpe/VrnW23XViZAf3QEDfaPjJlcsNzdZ4najsBULvxjYnPASPp3EhKWbRYP4Gx/y6JV/LE8KmhG60YU7RxbDIEWKykVzj9sQYPAo3r6BfS6gRVd8NXRh2ww00JDfTDdjWTn1cAwMR4ccj+O2Nw539kr8+DWfi5MIm3nwyIIMnM3Of8Aq4FhP2BTLsl/16CTQMBWybHyAj27kcUEGifQHhxzggpA1/hU6haC91sEAGr6cGRSgwSf/o8PzcJ/E89XVUr7GMFfMoj9UcA4cAvCY3T"
            },
            "name": "manager-01",
            "network_acceleration_type": "standard",
            "network_interface": [
              {
                "dns_record": [],
                "index": 0,
                "ip_address": "10.1.2.18",
                "ipv4": true,
                "ipv6": false,
                "ipv6_address": "",
                "ipv6_dns_record": [],
                "mac_address": "d0:0d:75:b5:e7:1a",
                "nat": true,
                "nat_dns_record": [],
                "nat_ip_address": "158.160.37.123",
                "nat_ip_version": "IPV4",
                "security_group_ids": [],
                "subnet_id": "e9bvttmn5bm2sth57qqi"
              }
            ],
            "placement_policy": [
              {
                "placement_group_id": ""
              }
            ],
            "platform_id": "standard-v2",
            "resources": [
              {
                "core_fraction": 100,
                "cores": 2,
                "gpus": 0,
                "memory": 4
              }
            ],
            "scheduling_policy": [
              {
                "preemptible": false
              }
            ],
            "secondary_disk": [],
            "service_account_id": "",
            "status": "running",
            "timeouts": null,
            "zone": "ru-central1-a"
          },
          "sensitive_attributes": [],
          "private": "eyJlMmJmYjczMC1lY2FhLTExZTYtOGY4OC0zNDM2M2JjN2M0YzAiOnsiY3JlYXRlIjozMDAwMDAwMDAwMDAsImRlbGV0ZSI6MzAwMDAwMDAwMDAwLCJ1cGRhdGUiOjMwMDAwMDAwMDAwMH0sInNjaGVtYV92ZXJzaW9uIjoiMSJ9",
          "dependencies": [
            "data.template_file.instance_userdata",
            "data.yandex_compute_image.ubuntu_2004"
          ]
        },
        {
          "index_key": 1,
          "schema_version": 1,
          "attributes": {
            "allow_stopping_for_update": true,
            "boot_disk": [
              {
                "auto_delete": true,
                "device_name": "fhmcf7ra7pefokgp2h8k",
                "disk_id": "fhmcf7ra7pefokgp2h8k",
                "initialize_params": [
                  {
                    "block_size": 4096,
                    "description": "",
                    "image_id": "fd8kdq6d0p8sij7h5qe3",
                    "name": "",
                    "size": 30,
                    "snapshot_id": "",
                    "type": "network-ssd"
                  }
                ],
                "mode": "READ_WRITE"
              }
            ],
            "created_at": "2022-11-13T19:33:48Z",
            "description": "manager-02",
            "folder_id": "b1g9fvppemaqm8d5bg8u",
            "fqdn": "manager-02.ru-central1.internal",
            "hostname": "manager-02",
            "id": "fhmpog4d65g3md13rnud",
            "labels": null,
            "metadata": {
              "user-data": "#cloud-config\n\nlocale: ru_RU.UTF-8\n\ntimezone: Europe/Moscow\n\nusers:\n  - name: ubuntu\n    groups: sudo\n    lock-passwd: false\n    shell: /bin/bash\n    sudo: ['ALL=(ALL) NOPASSWD:ALL']\n    ssh-authorized-keys:\n      - ssh-rsa AAAAB3NzaC1yc2EAAAADAQABAAABAQCwDau78dL7wMmxVePHR9FsH9GyLO88lViIW4fEpEsutsUYLyaYbyrxnf2jUJ6FxInpe/VrnW23XViZAf3QEDfaPjJlcsNzdZ4najsBULvxjYnPASPp3EhKWbRYP4Gx/y6JV/LE8KmhG60YU7RxbDIEWKykVzj9sQYPAo3r6BfS6gRVd8NXRh2ww00JDfTDdjWTn1cAwMR4ccj+O2Nw539kr8+DWfi5MIm3nwyIIMnM3Of8Aq4FhP2BTLsl/16CTQMBWybHyAj27kcUEGifQHhxzggpA1/hU6haC91sEAGr6cGRSgwSf/o8PzcJ/E89XVUr7GMFfMoj9UcA4cAvCY3T"
            },
            "name": "manager-02",
            "network_acceleration_type": "standard",
            "network_interface": [
              {
                "dns_record": [],
                "index": 0,
                "ip_address": "10.1.2.12",
                "ipv4": true,
                "ipv6": false,
                "ipv6_address": "",
                "ipv6_dns_record": [],
                "mac_address": "d0:0d:19:c4:08:d3",
                "nat": true,
                "nat_dns_record": [],
                "nat_ip_address": "158.160.40.141",
                "nat_ip_version": "IPV4",
                "security_group_ids": [],
                "subnet_id": "e9bvttmn5bm2sth57qqi"
              }
            ],
            "placement_policy": [
              {
                "placement_group_id": ""
              }
            ],
            "platform_id": "standard-v2",
            "resources": [
              {
                "core_fraction": 100,
                "cores": 2,
                "gpus": 0,
                "memory": 4
              }
            ],
            "scheduling_policy": [
              {
                "preemptible": false
              }
            ],
            "secondary_disk": [],
            "service_account_id": "",
            "status": "running",
            "timeouts": null,
            "zone": "ru-central1-a"
          },
          "sensitive_attributes": [],
          "private": "eyJlMmJmYjczMC1lY2FhLTExZTYtOGY4OC0zNDM2M2JjN2M0YzAiOnsiY3JlYXRlIjozMDAwMDAwMDAwMDAsImRlbGV0ZSI6MzAwMDAwMDAwMDAwLCJ1cGRhdGUiOjMwMDAwMDAwMDAwMH0sInNjaGVtYV92ZXJzaW9uIjoiMSJ9",
          "dependencies": [
            "data.template_file.instance_userdata",
            "data.yandex_compute_image.ubuntu_2004"
          ]
        },
        {
          "index_key": 2,
          "schema_version": 1,
          "attributes": {
            "allow_stopping_for_update": true,
            "boot_disk": [
              {
                "auto_delete": true,
                "device_name": "fhm0h1qleocr3omhqql4",
                "disk_id": "fhm0h1qleocr3omhqql4",
                "initialize_params": [
                  {
                    "block_size": 4096,
                    "description": "",
                    "image_id": "fd8kdq6d0p8sij7h5qe3",
                    "name": "",
                    "size": 30,
                    "snapshot_id": "",
                    "type": "network-ssd"
                  }
                ],
                "mode": "READ_WRITE"
              }
            ],
            "created_at": "2022-11-13T19:33:48Z",
            "description": "manager-03",
            "folder_id": "b1g9fvppemaqm8d5bg8u",
            "fqdn": "manager-03.ru-central1.internal",
            "hostname": "manager-03",
            "id": "fhmnv5r6ppqhpi9r19b6",
            "labels": null,
            "metadata": {
              "user-data": "#cloud-config\n\nlocale: ru_RU.UTF-8\n\ntimezone: Europe/Moscow\n\nusers:\n  - name: ubuntu\n    groups: sudo\n    lock-passwd: false\n    shell: /bin/bash\n    sudo: ['ALL=(ALL) NOPASSWD:ALL']\n    ssh-authorized-keys:\n      - ssh-rsa AAAAB3NzaC1yc2EAAAADAQABAAABAQCwDau78dL7wMmxVePHR9FsH9GyLO88lViIW4fEpEsutsUYLyaYbyrxnf2jUJ6FxInpe/VrnW23XViZAf3QEDfaPjJlcsNzdZ4najsBULvxjYnPASPp3EhKWbRYP4Gx/y6JV/LE8KmhG60YU7RxbDIEWKykVzj9sQYPAo3r6BfS6gRVd8NXRh2ww00JDfTDdjWTn1cAwMR4ccj+O2Nw539kr8+DWfi5MIm3nwyIIMnM3Of8Aq4FhP2BTLsl/16CTQMBWybHyAj27kcUEGifQHhxzggpA1/hU6haC91sEAGr6cGRSgwSf/o8PzcJ/E89XVUr7GMFfMoj9UcA4cAvCY3T"
            },
            "name": "manager-03",
            "network_acceleration_type": "standard",
            "network_interface": [
              {
                "dns_record": [],
                "index": 0,
                "ip_address": "10.1.2.15",
                "ipv4": true,
                "ipv6": false,
                "ipv6_address": "",
                "ipv6_dns_record": [],
                "mac_address": "d0:0d:17:f9:76:6c",
                "nat": true,
                "nat_dns_record": [],
                "nat_ip_address": "158.160.32.183",
                "nat_ip_version": "IPV4",
                "security_group_ids": [],
                "subnet_id": "e9bvttmn5bm2sth57qqi"
              }
            ],
            "placement_policy": [
              {
                "placement_group_id": ""
              }
            ],
            "platform_id": "standard-v2",
            "resources": [
              {
                "core_fraction": 100,
                "cores": 2,
                "gpus": 0,
                "memory": 4
              }
            ],
            "scheduling_policy": [
              {
                "preemptible": false
              }
            ],
            "secondary_disk": [],
            "service_account_id": "",
            "status": "running",
            "timeouts": null,
            "zone": "ru-central1-a"
          },
          "sensitive_attributes": [],
          "private": "eyJlMmJmYjczMC1lY2FhLTExZTYtOGY4OC0zNDM2M2JjN2M0YzAiOnsiY3JlYXRlIjozMDAwMDAwMDAwMDAsImRlbGV0ZSI6MzAwMDAwMDAwMDAwLCJ1cGRhdGUiOjMwMDAwMDAwMDAwMH0sInNjaGVtYV92ZXJzaW9uIjoiMSJ9",
          "dependencies": [
            "data.template_file.instance_userdata",
            "data.yandex_compute_image.ubuntu_2004"
          ]
        }
      ]
    },
    {
      "mode": "managed",
      "type": "yandex_compute_instance",
      "name": "worker",
      "provider": "provider[\"terraform-registry.storage.yandexcloud.net/yandex-cloud/yandex\"]",
      "instances": [
        {
          "index_key": 0,
          "schema_version": 1,
          "attributes": {
            "allow_stopping_for_update": true,
            "boot_disk": [
              {
                "auto_delete": true,
                "device_name": "fhm77s896rugi76o3tad",
                "disk_id": "fhm77s896rugi76o3tad",
                "initialize_params": [
                  {
                    "block_size": 4096,
                    "description": "",
                    "image_id": "fd8kdq6d0p8sij7h5qe3",
                    "name": "",
                    "size": 30,
                    "snapshot_id": "",
                    "type": "network-ssd"
                  }
                ],
                "mode": "READ_WRITE"
              }
            ],
            "created_at": "2022-11-13T19:33:48Z",
            "description": "worker-01",
            "folder_id": "b1g9fvppemaqm8d5bg8u",
            "fqdn": "worker-01.ru-central1.internal",
            "hostname": "worker-01",
            "id": "fhmbj5llbfr2u021vae2",
            "labels": null,
            "metadata": {
              "user-data": "#cloud-config\n\nlocale: ru_RU.UTF-8\n\ntimezone: Europe/Moscow\n\nusers:\n  - name: ubuntu\n    groups: sudo\n    lock-passwd: false\n    shell: /bin/bash\n    sudo: ['ALL=(ALL) NOPASSWD:ALL']\n    ssh-authorized-keys:\n      - ssh-rsa AAAAB3NzaC1yc2EAAAADAQABAAABAQCwDau78dL7wMmxVePHR9FsH9GyLO88lViIW4fEpEsutsUYLyaYbyrxnf2jUJ6FxInpe/VrnW23XViZAf3QEDfaPjJlcsNzdZ4najsBULvxjYnPASPp3EhKWbRYP4Gx/y6JV/LE8KmhG60YU7RxbDIEWKykVzj9sQYPAo3r6BfS6gRVd8NXRh2ww00JDfTDdjWTn1cAwMR4ccj+O2Nw539kr8+DWfi5MIm3nwyIIMnM3Of8Aq4FhP2BTLsl/16CTQMBWybHyAj27kcUEGifQHhxzggpA1/hU6haC91sEAGr6cGRSgwSf/o8PzcJ/E89XVUr7GMFfMoj9UcA4cAvCY3T"
            },
            "name": "worker-01",
            "network_acceleration_type": "standard",
            "network_interface": [
              {
                "dns_record": [],
                "index": 0,
                "ip_address": "10.1.2.24",
                "ipv4": true,
                "ipv6": false,
                "ipv6_address": "",
                "ipv6_dns_record": [],
                "mac_address": "d0:0d:b9:96:b5:5b",
                "nat": true,
                "nat_dns_record": [],
                "nat_ip_address": "158.160.42.59",
                "nat_ip_version": "IPV4",
                "security_group_ids": [],
                "subnet_id": "e9bvttmn5bm2sth57qqi"
              }
            ],
            "placement_policy": [
              {
                "placement_group_id": ""
              }
            ],
            "platform_id": "standard-v2",
            "resources": [
              {
                "core_fraction": 100,
                "cores": 2,
                "gpus": 0,
                "memory": 4
              }
            ],
            "scheduling_policy": [
              {
                "preemptible": false
              }
            ],
            "secondary_disk": [],
            "service_account_id": "",
            "status": "running",
            "timeouts": null,
            "zone": "ru-central1-a"
          },
          "sensitive_attributes": [],
          "private": "eyJlMmJmYjczMC1lY2FhLTExZTYtOGY4OC0zNDM2M2JjN2M0YzAiOnsiY3JlYXRlIjozMDAwMDAwMDAwMDAsImRlbGV0ZSI6MzAwMDAwMDAwMDAwLCJ1cGRhdGUiOjMwMDAwMDAwMDAwMH0sInNjaGVtYV92ZXJzaW9uIjoiMSJ9",
          "dependencies": [
            "data.template_file.instance_userdata",
            "data.yandex_compute_image.ubuntu_2004"
          ]
        },
        {
          "index_key": 2,
          "schema_version": 1,
          "attributes": {
            "allow_stopping_for_update": true,
            "boot_disk": [
              {
                "auto_delete": true,
                "device_name": "fhm60ojgmnub0fc1nvq2",
                "disk_id": "fhm60ojgmnub0fc1nvq2",
                "initialize_params": [
                  {
                    "block_size": 4096,
                    "description": "",
                    "image_id": "fd8kdq6d0p8sij7h5qe3",
                    "name": "",
                    "size": 30,
                    "snapshot_id": "",
                    "type": "network-ssd"
                  }
                ],
                "mode": "READ_WRITE"
              }
            ],
            "created_at": "2022-11-13T19:33:53Z",
            "description": "worker-03",
            "folder_id": "b1g9fvppemaqm8d5bg8u",
            "fqdn": "worker-03.ru-central1.internal",
            "hostname": "worker-03",
            "id": "fhmnbsle2hqr2gf1qtr1",
            "labels": null,
            "metadata": {
              "user-data": "#cloud-config\n\nlocale: ru_RU.UTF-8\n\ntimezone: Europe/Moscow\n\nusers:\n  - name: ubuntu\n    groups: sudo\n    lock-passwd: false\n    shell: /bin/bash\n    sudo: ['ALL=(ALL) NOPASSWD:ALL']\n    ssh-authorized-keys:\n      - ssh-rsa AAAAB3NzaC1yc2EAAAADAQABAAABAQCwDau78dL7wMmxVePHR9FsH9GyLO88lViIW4fEpEsutsUYLyaYbyrxnf2jUJ6FxInpe/VrnW23XViZAf3QEDfaPjJlcsNzdZ4najsBULvxjYnPASPp3EhKWbRYP4Gx/y6JV/LE8KmhG60YU7RxbDIEWKykVzj9sQYPAo3r6BfS6gRVd8NXRh2ww00JDfTDdjWTn1cAwMR4ccj+O2Nw539kr8+DWfi5MIm3nwyIIMnM3Of8Aq4FhP2BTLsl/16CTQMBWybHyAj27kcUEGifQHhxzggpA1/hU6haC91sEAGr6cGRSgwSf/o8PzcJ/E89XVUr7GMFfMoj9UcA4cAvCY3T"
            },
            "name": "worker-03",
            "network_acceleration_type": "standard",
            "network_interface": [
              {
                "dns_record": [],
                "index": 0,
                "ip_address": "10.1.2.10",
                "ipv4": true,
                "ipv6": false,
                "ipv6_address": "",
                "ipv6_dns_record": [],
                "mac_address": "d0:0d:17:5f:2a:e1",
                "nat": true,
                "nat_dns_record": [],
                "nat_ip_address": "62.84.125.51",
                "nat_ip_version": "IPV4",
                "security_group_ids": [],
                "subnet_id": "e9bvttmn5bm2sth57qqi"
              }
            ],
            "placement_policy": [
              {
                "placement_group_id": ""
              }
            ],
            "platform_id": "standard-v2",
            "resources": [
              {
                "core_fraction": 100,
                "cores": 2,
                "gpus": 0,
                "memory": 4
              }
            ],
            "scheduling_policy": [
              {
                "preemptible": false
              }
            ],
            "secondary_disk": [],
            "service_account_id": "",
            "status": "running",
            "timeouts": null,
            "zone": "ru-central1-a"
          },
          "sensitive_attributes": [],
          "private": "eyJlMmJmYjczMC1lY2FhLTExZTYtOGY4OC0zNDM2M2JjN2M0YzAiOnsiY3JlYXRlIjozMDAwMDAwMDAwMDAsImRlbGV0ZSI6MzAwMDAwMDAwMDAwLCJ1cGRhdGUiOjMwMDAwMDAwMDAwMH0sInNjaGVtYV92ZXJzaW9uIjoiMSJ9",
          "dependencies": [
            "data.template_file.instance_userdata",
            "data.yandex_compute_image.ubuntu_2004"
          ]
        }
      ]
    }
  ],
  "check_results": []
}
